
Microsoft Visual Studio Solution File, Format Version 12.00
# Visual Studio Version 17
VisualStudioVersion = 17.5.33530.505
MinimumVisualStudioVersion = 10.0.40219.1
Project("{9A19103F-16F7-4668-BE54-9A1E7A4F7556}") = "API_Scrum_Copilot", "API_Scrum_Copilot.csproj", "{7F9E7BC2-6E91-481B-9258-51243349BBBE}"
EndProject
Global
	GlobalSection(SolutionConfigurationPlatforms) = preSolution
		Debug|Any CPU = Debug|Any CPU
		Release|Any CPU = Release|Any CPU
	EndGlobalSection
	GlobalSection(ProjectConfigurationPlatforms) = postSolution
		{7F9E7BC2-6E91-481B-9258-51243349BBBE}.Debug|Any CPU.ActiveCfg = Debug|Any CPU
		{7F9E7BC2-6E91-481B-9258-51243349BBBE}.Debug|Any CPU.Build.0 = Debug|Any CPU
		{7F9E7BC2-6E91-481B-9258-51243349BBBE}.Release|Any CPU.ActiveCfg = Release|Any CPU
		{7F9E7BC2-6E91-481B-9258-51243349BBBE}.Release|Any CPU.Build.0 = Release|Any CPU
	EndGlobalSection
	GlobalSection(SolutionProperties) = preSolution
		HideSolutionNode = FALSE
	EndGlobalSection
	GlobalSection(ExtensibilityGlobals) = postSolution
		SolutionGuid = {4E57413A-0E50-4999-B249-AA0980FA4074}
	EndGlobalSection
EndGlobal
